
Microsoft Visual Studio Solution File, Format Version 12.00
# Visual Studio Version 17
VisualStudioVersion = 17.8.34316.72
MinimumVisualStudioVersion = 10.0.40219.1
Project("{9A19103F-16F7-4668-BE54-9A1E7A4F7556}") = "level2", "level2\level2.csproj", "{071CF897-5835-464F-91F6-3074957858BD}"
EndProject
Project("{9A19103F-16F7-4668-BE54-9A1E7A4F7556}") = "level1", "level1\level1.csproj", "{3660FB89-B23F-42B7-B3FF-1CF8B15288C6}"
EndProject
Project("{9A19103F-16F7-4668-BE54-9A1E7A4F7556}") = "level3", "level3\level3.csproj", "{B557AB4D-6A1D-491C-BBDB-ECCD2354488A}"
EndProject
Project("{9A19103F-16F7-4668-BE54-9A1E7A4F7556}") = "level4", "level4\level4.csproj", "{FEE5FB8B-7378-49E3-BCEC-6825B9B32D77}"
EndProject
Project("{9A19103F-16F7-4668-BE54-9A1E7A4F7556}") = "level5", "level5\level5.csproj", "{B6EBD1A2-0E4A-49E6-9425-4941F91B5FC8}"
EndProject
Project("{9A19103F-16F7-4668-BE54-9A1E7A4F7556}") = "level6", "level6\level6.csproj", "{81EFEBCE-86CD-4F08-91C7-7D56F603B4C5}"
EndProject
Project("{9A19103F-16F7-4668-BE54-9A1E7A4F7556}") = "level7", "level7\level7.csproj", "{C22150D6-DB98-4AD4-B2A2-51ABAB95F3D1}"
EndProject
Project("{9A19103F-16F7-4668-BE54-9A1E7A4F7556}") = "level8", "level8\level8.csproj", "{6C6BFE98-71ED-4E64-9709-1D53C11F49AA}"
EndProject
Project("{9A19103F-16F7-4668-BE54-9A1E7A4F7556}") = "level9", "level9\level9.csproj", "{356D465E-B763-4AD1-A56F-89FB64B4FCFC}"
EndProject
Project("{9A19103F-16F7-4668-BE54-9A1E7A4F7556}") = "level10", "level10\level10.csproj", "{27282438-5B96-4C61-8D24-7949D7EF0C2B}"
EndProject
Project("{9A19103F-16F7-4668-BE54-9A1E7A4F7556}") = "level11", "level11\level11.csproj", "{AD3DD08C-4900-4EB3-8DF9-C427E3175C51}"
EndProject
Project("{9A19103F-16F7-4668-BE54-9A1E7A4F7556}") = "level12", "level12\level12.csproj", "{1F6D60EE-CA52-4713-A628-0749E96762CE}"
EndProject
Project("{9A19103F-16F7-4668-BE54-9A1E7A4F7556}") = "level13", "level13\level13.csproj", "{358F132E-3734-4F16-845D-6549ACD6106F}"
EndProject
Project("{9A19103F-16F7-4668-BE54-9A1E7A4F7556}") = "level14", "level14\level14.csproj", "{E87C39A0-C056-49F2-B8B1-76EE5CF3075B}"
EndProject
Project("{FAE04EC0-301F-11D3-BF4B-00C04F79EFBC}") = "level15", "level15\level15.csproj", "{F3EB74F6-2114-4AB5-921A-06E08253FBB8}"
EndProject
Global
	GlobalSection(SolutionConfigurationPlatforms) = preSolution
		Debug|Any CPU = Debug|Any CPU
		Release|Any CPU = Release|Any CPU
	EndGlobalSection
	GlobalSection(ProjectConfigurationPlatforms) = postSolution
		{071CF897-5835-464F-91F6-3074957858BD}.Debug|Any CPU.ActiveCfg = Debug|Any CPU
		{071CF897-5835-464F-91F6-3074957858BD}.Debug|Any CPU.Build.0 = Debug|Any CPU
		{071CF897-5835-464F-91F6-3074957858BD}.Release|Any CPU.ActiveCfg = Release|Any CPU
		{071CF897-5835-464F-91F6-3074957858BD}.Release|Any CPU.Build.0 = Release|Any CPU
		{3660FB89-B23F-42B7-B3FF-1CF8B15288C6}.Debug|Any CPU.ActiveCfg = Debug|Any CPU
		{3660FB89-B23F-42B7-B3FF-1CF8B15288C6}.Debug|Any CPU.Build.0 = Debug|Any CPU
		{3660FB89-B23F-42B7-B3FF-1CF8B15288C6}.Release|Any CPU.ActiveCfg = Release|Any CPU
		{3660FB89-B23F-42B7-B3FF-1CF8B15288C6}.Release|Any CPU.Build.0 = Release|Any CPU
		{B557AB4D-6A1D-491C-BBDB-ECCD2354488A}.Debug|Any CPU.ActiveCfg = Debug|Any CPU
		{B557AB4D-6A1D-491C-BBDB-ECCD2354488A}.Debug|Any CPU.Build.0 = Debug|Any CPU
		{B557AB4D-6A1D-491C-BBDB-ECCD2354488A}.Release|Any CPU.ActiveCfg = Release|Any CPU
		{B557AB4D-6A1D-491C-BBDB-ECCD2354488A}.Release|Any CPU.Build.0 = Release|Any CPU
		{FEE5FB8B-7378-49E3-BCEC-6825B9B32D77}.Debug|Any CPU.ActiveCfg = Debug|Any CPU
		{FEE5FB8B-7378-49E3-BCEC-6825B9B32D77}.Debug|Any CPU.Build.0 = Debug|Any CPU
		{FEE5FB8B-7378-49E3-BCEC-6825B9B32D77}.Release|Any CPU.ActiveCfg = Release|Any CPU
		{FEE5FB8B-7378-49E3-BCEC-6825B9B32D77}.Release|Any CPU.Build.0 = Release|Any CPU
		{B6EBD1A2-0E4A-49E6-9425-4941F91B5FC8}.Debug|Any CPU.ActiveCfg = Debug|Any CPU
		{B6EBD1A2-0E4A-49E6-9425-4941F91B5FC8}.Debug|Any CPU.Build.0 = Debug|Any CPU
		{B6EBD1A2-0E4A-49E6-9425-4941F91B5FC8}.Release|Any CPU.ActiveCfg = Release|Any CPU
		{B6EBD1A2-0E4A-49E6-9425-4941F91B5FC8}.Release|Any CPU.Build.0 = Release|Any CPU
		{81EFEBCE-86CD-4F08-91C7-7D56F603B4C5}.Debug|Any CPU.ActiveCfg = Debug|Any CPU
		{81EFEBCE-86CD-4F08-91C7-7D56F603B4C5}.Debug|Any CPU.Build.0 = Debug|Any CPU
		{81EFEBCE-86CD-4F08-91C7-7D56F603B4C5}.Release|Any CPU.ActiveCfg = Release|Any CPU
		{81EFEBCE-86CD-4F08-91C7-7D56F603B4C5}.Release|Any CPU.Build.0 = Release|Any CPU
		{C22150D6-DB98-4AD4-B2A2-51ABAB95F3D1}.Debug|Any CPU.ActiveCfg = Debug|Any CPU
		{C22150D6-DB98-4AD4-B2A2-51ABAB95F3D1}.Debug|Any CPU.Build.0 = Debug|Any CPU
		{C22150D6-DB98-4AD4-B2A2-51ABAB95F3D1}.Release|Any CPU.ActiveCfg = Release|Any CPU
		{C22150D6-DB98-4AD4-B2A2-51ABAB95F3D1}.Release|Any CPU.Build.0 = Release|Any CPU
		{6C6BFE98-71ED-4E64-9709-1D53C11F49AA}.Debug|Any CPU.ActiveCfg = Debug|Any CPU
		{6C6BFE98-71ED-4E64-9709-1D53C11F49AA}.Debug|Any CPU.Build.0 = Debug|Any CPU
		{6C6BFE98-71ED-4E64-9709-1D53C11F49AA}.Release|Any CPU.ActiveCfg = Release|Any CPU
		{6C6BFE98-71ED-4E64-9709-1D53C11F49AA}.Release|Any CPU.Build.0 = Release|Any CPU
		{356D465E-B763-4AD1-A56F-89FB64B4FCFC}.Debug|Any CPU.ActiveCfg = Debug|Any CPU
		{356D465E-B763-4AD1-A56F-89FB64B4FCFC}.Debug|Any CPU.Build.0 = Debug|Any CPU
		{356D465E-B763-4AD1-A56F-89FB64B4FCFC}.Release|Any CPU.ActiveCfg = Release|Any CPU
		{356D465E-B763-4AD1-A56F-89FB64B4FCFC}.Release|Any CPU.Build.0 = Release|Any CPU
		{27282438-5B96-4C61-8D24-7949D7EF0C2B}.Debug|Any CPU.ActiveCfg = Debug|Any CPU
		{27282438-5B96-4C61-8D24-7949D7EF0C2B}.Debug|Any CPU.Build.0 = Debug|Any CPU
		{27282438-5B96-4C61-8D24-7949D7EF0C2B}.Release|Any CPU.ActiveCfg = Release|Any CPU
		{27282438-5B96-4C61-8D24-7949D7EF0C2B}.Release|Any CPU.Build.0 = Release|Any CPU
		{AD3DD08C-4900-4EB3-8DF9-C427E3175C51}.Debug|Any CPU.ActiveCfg = Debug|Any CPU
		{AD3DD08C-4900-4EB3-8DF9-C427E3175C51}.Debug|Any CPU.Build.0 = Debug|Any CPU
		{AD3DD08C-4900-4EB3-8DF9-C427E3175C51}.Release|Any CPU.ActiveCfg = Release|Any CPU
		{AD3DD08C-4900-4EB3-8DF9-C427E3175C51}.Release|Any CPU.Build.0 = Release|Any CPU
		{1F6D60EE-CA52-4713-A628-0749E96762CE}.Debug|Any CPU.ActiveCfg = Debug|Any CPU
		{1F6D60EE-CA52-4713-A628-0749E96762CE}.Debug|Any CPU.Build.0 = Debug|Any CPU
		{1F6D60EE-CA52-4713-A628-0749E96762CE}.Release|Any CPU.ActiveCfg = Release|Any CPU
		{1F6D60EE-CA52-4713-A628-0749E96762CE}.Release|Any CPU.Build.0 = Release|Any CPU
		{358F132E-3734-4F16-845D-6549ACD6106F}.Debug|Any CPU.ActiveCfg = Debug|Any CPU
		{358F132E-3734-4F16-845D-6549ACD6106F}.Debug|Any CPU.Build.0 = Debug|Any CPU
		{358F132E-3734-4F16-845D-6549ACD6106F}.Release|Any CPU.ActiveCfg = Release|Any CPU
		{358F132E-3734-4F16-845D-6549ACD6106F}.Release|Any CPU.Build.0 = Release|Any CPU
		{E87C39A0-C056-49F2-B8B1-76EE5CF3075B}.Debug|Any CPU.ActiveCfg = Debug|Any CPU
		{E87C39A0-C056-49F2-B8B1-76EE5CF3075B}.Debug|Any CPU.Build.0 = Debug|Any CPU
		{E87C39A0-C056-49F2-B8B1-76EE5CF3075B}.Release|Any CPU.ActiveCfg = Release|Any CPU
		{E87C39A0-C056-49F2-B8B1-76EE5CF3075B}.Release|Any CPU.Build.0 = Release|Any CPU
		{F3EB74F6-2114-4AB5-921A-06E08253FBB8}.Debug|Any CPU.ActiveCfg = Debug|Any CPU
		{F3EB74F6-2114-4AB5-921A-06E08253FBB8}.Debug|Any CPU.Build.0 = Debug|Any CPU
		{F3EB74F6-2114-4AB5-921A-06E08253FBB8}.Release|Any CPU.ActiveCfg = Release|Any CPU
		{F3EB74F6-2114-4AB5-921A-06E08253FBB8}.Release|Any CPU.Build.0 = Release|Any CPU
	EndGlobalSection
	GlobalSection(SolutionProperties) = preSolution
		HideSolutionNode = FALSE
	EndGlobalSection
	GlobalSection(ExtensibilityGlobals) = postSolution
		SolutionGuid = {F5F2C9C0-0304-4155-AC3E-D96E81ED1804}
	EndGlobalSection
EndGlobal
